// !$*UTF8*$!
{
	archiveVersion = 1;
	classes = {
	};
	objectVersion = 55;
	objects = {

/* Begin PBXBuildFile section */
		8F8857992BC25957EA85B2DD /* Pods_LoginWithFirebase.framework in Frameworks */ = {isa = PBXBuildFile; fileRef = 6F265E0889C3385FDB9141C2 /* Pods_LoginWithFirebase.framework */; };
		E6D5DBC328AC6CE300385741 /* AppDelegate.swift in Sources */ = {isa = PBXBuildFile; fileRef = E6D5DBC228AC6CE300385741 /* AppDelegate.swift */; };
		E6D5DBC528AC6CE300385741 /* SceneDelegate.swift in Sources */ = {isa = PBXBuildFile; fileRef = E6D5DBC428AC6CE300385741 /* SceneDelegate.swift */; };
		E6D5DBC728AC6CE300385741 /* LoginViewController.swift in Sources */ = {isa = PBXBuildFile; fileRef = E6D5DBC628AC6CE300385741 /* LoginViewController.swift */; };
		E6D5DBCA28AC6CE300385741 /* Main.storyboard in Resources */ = {isa = PBXBuildFile; fileRef = E6D5DBC828AC6CE300385741 /* Main.storyboard */; };
		E6D5DBCC28AC6CE500385741 /* Assets.xcassets in Resources */ = {isa = PBXBuildFile; fileRef = E6D5DBCB28AC6CE500385741 /* Assets.xcassets */; };
		E6D5DBCF28AC6CE500385741 /* LaunchScreen.storyboard in Resources */ = {isa = PBXBuildFile; fileRef = E6D5DBCD28AC6CE500385741 /* LaunchScreen.storyboard */; };
		E6DF494428B050510040ACFF /* RegisterViewController.swift in Sources */ = {isa = PBXBuildFile; fileRef = E6DF494328B050510040ACFF /* RegisterViewController.swift */; };
		E6DF494628B059B50040ACFF /* GoogleService-Info.plist in Resources */ = {isa = PBXBuildFile; fileRef = E6DF494528B059B50040ACFF /* GoogleService-Info.plist */; };
/* End PBXBuildFile section */

/* Begin PBXFileReference section */
		3E19F4786A461A7BC26FCEE8 /* Pods-LoginWithFirebase.debug.xcconfig */ = {isa = PBXFileReference; includeInIndex = 1; lastKnownFileType = text.xcconfig; name = "Pods-LoginWithFirebase.debug.xcconfig"; path = "Target Support Files/Pods-LoginWithFirebase/Pods-LoginWithFirebase.debug.xcconfig"; sourceTree = "<group>"; };
		6F265E0889C3385FDB9141C2 /* Pods_LoginWithFirebase.framework */ = {isa = PBXFileReference; explicitFileType = wrapper.framework; includeInIndex = 0; path = Pods_LoginWithFirebase.framework; sourceTree = BUILT_PRODUCTS_DIR; };
		AB4C92F224D37E90CC64335D /* Pods-LoginWithFirebase.release.xcconfig */ = {isa = PBXFileReference; includeInIndex = 1; lastKnownFileType = text.xcconfig; name = "Pods-LoginWithFirebase.release.xcconfig"; path = "Target Support Files/Pods-LoginWithFirebase/Pods-LoginWithFirebase.release.xcconfig"; sourceTree = "<group>"; };
		E6D5DBBF28AC6CE200385741 /* LoginWithFirebase.app */ = {isa = PBXFileReference; explicitFileType = wrapper.application; includeInIndex = 0; path = LoginWithFirebase.app; sourceTree = BUILT_PRODUCTS_DIR; };
		E6D5DBC228AC6CE300385741 /* AppDelegate.swift */ = {isa = PBXFileReference; lastKnownFileType = sourcecode.swift; path = AppDelegate.swift; sourceTree = "<group>"; };
		E6D5DBC428AC6CE300385741 /* SceneDelegate.swift */ = {isa = PBXFileReference; lastKnownFileType = sourcecode.swift; path = SceneDelegate.swift; sourceTree = "<group>"; };
		E6D5DBC628AC6CE300385741 /* LoginViewController.swift */ = {isa = PBXFileReference; lastKnownFileType = sourcecode.swift; path = LoginViewController.swift; sourceTree = "<group>"; };
		E6D5DBC928AC6CE300385741 /* Base */ = {isa = PBXFileReference; lastKnownFileType = file.storyboard; name = Base; path = Base.lproj/Main.storyboard; sourceTree = "<group>"; };
		E6D5DBCB28AC6CE500385741 /* Assets.xcassets */ = {isa = PBXFileReference; lastKnownFileType = folder.assetcatalog; path = Assets.xcassets; sourceTree = "<group>"; };
		E6D5DBCE28AC6CE500385741 /* Base */ = {isa = PBXFileReference; lastKnownFileType = file.storyboard; name = Base; path = Base.lproj/LaunchScreen.storyboard; sourceTree = "<group>"; };
		E6D5DBD028AC6CE500385741 /* Info.plist */ = {isa = PBXFileReference; lastKnownFileType = text.plist.xml; path = Info.plist; sourceTree = "<group>"; };
		E6DF494328B050510040ACFF /* RegisterViewController.swift */ = {isa = PBXFileReference; lastKnownFileType = sourcecode.swift; path = RegisterViewController.swift; sourceTree = "<group>"; };
		E6DF494528B059B50040ACFF /* GoogleService-Info.plist */ = {isa = PBXFileReference; lastKnownFileType = text.plist; path = "GoogleService-Info.plist"; sourceTree = SOURCE_ROOT; };
/* End PBXFileReference section */

/* Begin PBXFrameworksBuildPhase section */
		E6D5DBBC28AC6CE200385741 /* Frameworks */ = {
			isa = PBXFrameworksBuildPhase;
			buildActionMask = 2147483647;
			files = (
				8F8857992BC25957EA85B2DD /* Pods_LoginWithFirebase.framework in Frameworks */,
			);
			runOnlyForDeploymentPostprocessing = 0;
		};
/* End PBXFrameworksBuildPhase section */

/* Begin PBXGroup section */
		49A90D1D19450C32EAF59715 /* Frameworks */ = {
			isa = PBXGroup;
			children = (
				6F265E0889C3385FDB9141C2 /* Pods_LoginWithFirebase.framework */,
			);
			name = Frameworks;
			sourceTree = "<group>";
		};
		6510444243E57143DD8740E1 /* Pods */ = {
			isa = PBXGroup;
			children = (
				3E19F4786A461A7BC26FCEE8 /* Pods-LoginWithFirebase.debug.xcconfig */,
				AB4C92F224D37E90CC64335D /* Pods-LoginWithFirebase.release.xcconfig */,
			);
			name = Pods;
			path = Pods;
			sourceTree = "<group>";
		};
		E6D5DBB628AC6CE200385741 = {
			isa = PBXGroup;
			children = (
				E6D5DBC128AC6CE300385741 /* LoginWithFirebase */,
				E6D5DBC028AC6CE200385741 /* Products */,
				6510444243E57143DD8740E1 /* Pods */,
				49A90D1D19450C32EAF59715 /* Frameworks */,
			);
			sourceTree = "<group>";
		};
		E6D5DBC028AC6CE200385741 /* Products */ = {
			isa = PBXGroup;
			children = (
				E6D5DBBF28AC6CE200385741 /* LoginWithFirebase.app */,
			);
			name = Products;
			sourceTree = "<group>";
		};
		E6D5DBC128AC6CE300385741 /* LoginWithFirebase */ = {
			isa = PBXGroup;
			children = (
				E6D5DBC228AC6CE300385741 /* AppDelegate.swift */,
				E6D5DBC428AC6CE300385741 /* SceneDelegate.swift */,
				E6D5DBC628AC6CE300385741 /* LoginViewController.swift */,
				E6D5DBC828AC6CE300385741 /* Main.storyboard */,
				E6DF494328B050510040ACFF /* RegisterViewController.swift */,
				E6D5DBCB28AC6CE500385741 /* Assets.xcassets */,
				E6D5DBCD28AC6CE500385741 /* LaunchScreen.storyboard */,
				E6D5DBD028AC6CE500385741 /* Info.plist */,
				E6DF494528B059B50040ACFF /* GoogleService-Info.plist */,
			);
			path = LoginWithFirebase;
			sourceTree = "<group>";
		};
/* End PBXGroup section */

/* Begin PBXNativeTarget section */
		E6D5DBBE28AC6CE200385741 /* LoginWithFirebase */ = {
			isa = PBXNativeTarget;
			buildConfigurationList = E6D5DBD328AC6CE500385741 /* Build configuration list for PBXNativeTarget "LoginWithFirebase" */;
			buildPhases = (
				6788193F688ED14B210AC771 /* [CP] Check Pods Manifest.lock */,
				E6D5DBBB28AC6CE200385741 /* Sources */,
				E6D5DBBC28AC6CE200385741 /* Frameworks */,
				E6D5DBBD28AC6CE200385741 /* Resources */,
				B6EBB0743053996B7DFD0D3B /* [CP] Embed Pods Frameworks */,
			);
			buildRules = (
			);
			dependencies = (
			);
			name = LoginWithFirebase;
			productName = LoginWithFirebase;
			productReference = E6D5DBBF28AC6CE200385741 /* LoginWithFirebase.app */;
			productType = "com.apple.product-type.application";
		};
/* End PBXNativeTarget section */

/* Begin PBXProject section */
		E6D5DBB728AC6CE200385741 /* Project object */ = {
			isa = PBXProject;
			attributes = {
				BuildIndependentTargetsInParallel = 1;
				LastSwiftUpdateCheck = 1310;
				LastUpgradeCheck = 1310;
				TargetAttributes = {
					E6D5DBBE28AC6CE200385741 = {
						CreatedOnToolsVersion = 13.1;
					};
				};
			};
			buildConfigurationList = E6D5DBBA28AC6CE200385741 /* Build configuration list for PBXProject "LoginWithFirebase" */;
			compatibilityVersion = "Xcode 13.0";
			developmentRegion = en;
			hasScannedForEncodings = 0;
			knownRegions = (
				en,
				Base,
			);
			mainGroup = E6D5DBB628AC6CE200385741;
			productRefGroup = E6D5DBC028AC6CE200385741 /* Products */;
			projectDirPath = "";
			projectRoot = "";
			targets = (
				E6D5DBBE28AC6CE200385741 /* LoginWithFirebase */,
			);
		};
/* End PBXProject section */

/* Begin PBXResourcesBuildPhase section */
		E6D5DBBD28AC6CE200385741 /* Resources */ = {
			isa = PBXResourcesBuildPhase;
			buildActionMask = 2147483647;
			files = (
				E6D5DBCF28AC6CE500385741 /* LaunchScreen.storyboard in Resources */,
				E6DF494628B059B50040ACFF /* GoogleService-Info.plist in Resources */,
				E6D5DBCC28AC6CE500385741 /* Assets.xcassets in Resources */,
				E6D5DBCA28AC6CE300385741 /* Main.storyboard in Resources */,
			);
			runOnlyForDeploymentPostprocessing = 0;
		};
/* End PBXResourcesBuildPhase section */

/* Begin PBXShellScriptBuildPhase section */
		6788193F688ED14B210AC771 /* [CP] Check Pods Manifest.lock */ = {
			isa = PBXShellScriptBuildPhase;
			buildActionMask = 2147483647;
			files = (
			);
			inputFileListPaths = (
			);
			inputPaths = (
				"${PODS_PODFILE_DIR_PATH}/Podfile.lock",
				"${PODS_ROOT}/Manifest.lock",
			);
			name = "[CP] Check Pods Manifest.lock";
			outputFileListPaths = (
			);
			outputPaths = (
				"$(DERIVED_FILE_DIR)/Pods-LoginWithFirebase-checkManifestLockResult.txt",
			);
			runOnlyForDeploymentPostprocessing = 0;
			shellPath = /bin/sh;
			shellScript = "diff \"${PODS_PODFILE_DIR_PATH}/Podfile.lock\" \"${PODS_ROOT}/Manifest.lock\" > /dev/null\nif [ $? != 0 ] ; then\n    # print error to STDERR\n    echo \"error: The sandbox is not in sync with the Podfile.lock. Run 'pod install' or update your CocoaPods installation.\" >&2\n    exit 1\nfi\n# This output is used by Xcode 'outputs' to avoid re-running this script phase.\necho \"SUCCESS\" > \"${SCRIPT_OUTPUT_FILE_0}\"\n";
			showEnvVarsInLog = 0;
		};
		B6EBB0743053996B7DFD0D3B /* [CP] Embed Pods Frameworks */ = {
			isa = PBXShellScriptBuildPhase;
			buildActionMask = 2147483647;
			files = (
			);
			inputFileListPaths = (
				"${PODS_ROOT}/Target Support Files/Pods-LoginWithFirebase/Pods-LoginWithFirebase-frameworks-${CONFIGURATION}-input-files.xcfilelist",
			);
			name = "[CP] Embed Pods Frameworks";
			outputFileListPaths = (
				"${PODS_ROOT}/Target Support Files/Pods-LoginWithFirebase/Pods-LoginWithFirebase-frameworks-${CONFIGURATION}-output-files.xcfilelist",
			);
			runOnlyForDeploymentPostprocessing = 0;
			shellPath = /bin/sh;
			shellScript = "\"${PODS_ROOT}/Target Support Files/Pods-LoginWithFirebase/Pods-LoginWithFirebase-frameworks.sh\"\n";
			showEnvVarsInLog = 0;
		};
/* End PBXShellScriptBuildPhase section */

/* Begin PBXSourcesBuildPhase section */
		E6D5DBBB28AC6CE200385741 /* Sources */ = {
			isa = PBXSourcesBuildPhase;
			buildActionMask = 2147483647;
			files = (
				E6D5DBC728AC6CE300385741 /* LoginViewController.swift in Sources */,
				E6D5DBC328AC6CE300385741 /* AppDelegate.swift in Sources */,
				E6D5DBC528AC6CE300385741 /* SceneDelegate.swift in Sources */,
				E6DF494428B050510040ACFF /* RegisterViewController.swift in Sources */,
			);
			runOnlyForDeploymentPostprocessing = 0;
		};
/* End PBXSourcesBuildPhase section */

/* Begin PBXVariantGroup section */
		E6D5DBC828AC6CE300385741 /* Main.storyboard */ = {
			isa = PBXVariantGroup;
			children = (
				E6D5DBC928AC6CE300385741 /* Base */,
			);
			name = Main.storyboard;
			sourceTree = "<group>";
		};
		E6D5DBCD28AC6CE500385741 /* LaunchScreen.storyboard */ = {
			isa = PBXVariantGroup;
			children = (
				E6D5DBCE28AC6CE500385741 /* Base */,
			);
			name = LaunchScreen.storyboard;
			sourceTree = "<group>";
		};
/* End PBXVariantGroup section */

/* Begin XCBuildConfiguration section */
		E6D5DBD128AC6CE500385741 /* Debug */ = {
			isa = XCBuildConfiguration;
			buildSettings = {
				ALWAYS_SEARCH_USER_PATHS = NO;
				CLANG_ANALYZER_NONNULL = YES;
				CLANG_ANALYZER_NUMBER_OBJECT_CONVERSION = YES_AGGRESSIVE;
				CLANG_CXX_LANGUAGE_STANDARD = "gnu++17";
				CLANG_CXX_LIBRARY = "libc++";
				CLANG_ENABLE_MODULES = YES;
				CLANG_ENABLE_OBJC_ARC = YES;
				CLANG_ENABLE_OBJC_WEAK = YES;
				CLANG_WARN_BLOCK_CAPTURE_AUTORELEASING = YES;
				CLANG_WARN_BOOL_CONVERSION = YES;
				CLANG_WARN_COMMA = YES;
				CLANG_WARN_CONSTANT_CONVERSION = YES;
				CLANG_WARN_DEPRECATED_OBJC_IMPLEMENTATIONS = YES;
				CLANG_WARN_DIRECT_OBJC_ISA_USAGE = YES_ERROR;
				CLANG_WARN_DOCUMENTATION_COMMENTS = YES;
				CLANG_WARN_EMPTY_BODY = YES;
				CLANG_WARN_ENUM_CONVERSION = YES;
				CLANG_WARN_INFINITE_RECURSION = YES;
				CLANG_WARN_INT_CONVERSION = YES;
				CLANG_WARN_NON_LITERAL_NULL_CONVERSION = YES;
				CLANG_WARN_OBJC_IMPLICIT_RETAIN_SELF = YES;
				CLANG_WARN_OBJC_LITERAL_CONVERSION = YES;
				CLANG_WARN_OBJC_ROOT_CLASS = YES_ERROR;
				CLANG_WARN_QUOTED_INCLUDE_IN_FRAMEWORK_HEADER = YES;
				CLANG_WARN_RANGE_LOOP_ANALYSIS = YES;
				CLANG_WARN_STRICT_PROTOTYPES = YES;
				CLANG_WARN_SUSPICIOUS_MOVE = YES;
				CLANG_WARN_UNGUARDED_AVAILABILITY = YES_AGGRESSIVE;
				CLANG_WARN_UNREACHABLE_CODE = YES;
				CLANG_WARN__DUPLICATE_METHOD_MATCH = YES;
				COPY_PHASE_STRIP = NO;
				DEBUG_INFORMATION_FORMAT = dwarf;
				ENABLE_STRICT_OBJC_MSGSEND = YES;
				ENABLE_TESTABILITY = YES;
				GCC_C_LANGUAGE_STANDARD = gnu11;
				GCC_DYNAMIC_NO_PIC = NO;
				GCC_NO_COMMON_BLOCKS = YES;
				GCC_OPTIMIZATION_LEVEL = 0;
				GCC_PREPROCESSOR_DEFINITIONS = (
					"DEBUG=1",
					"$(inherited)",
				);
				GCC_WARN_64_TO_32_BIT_CONVERSION = YES;
				GCC_WARN_ABOUT_RETURN_TYPE = YES_ERROR;
				GCC_WARN_UNDECLARED_SELECTOR = YES;
				GCC_WARN_UNINITIALIZED_AUTOS = YES_AGGRESSIVE;
				GCC_WARN_UNUSED_FUNCTION = YES;
				GCC_WARN_UNUSED_VARIABLE = YES;
				IPHONEOS_DEPLOYMENT_TARGET = 15.0;
				MTL_ENABLE_DEBUG_INFO = INCLUDE_SOURCE;
				MTL_FAST_MATH = YES;
				ONLY_ACTIVE_ARCH = YES;
				SDKROOT = iphoneos;
				SWIFT_ACTIVE_COMPILATION_CONDITIONS = DEBUG;
				SWIFT_OPTIMIZATION_LEVEL = "-Onone";
			};
			name = Debug;
		};
		E6D5DBD228AC6CE500385741 /* Release */ = {
			isa = XCBuildConfiguration;
			buildSettings = {
				ALWAYS_SEARCH_USER_PATHS = NO;
				CLANG_ANALYZER_NONNULL = YES;
				CLANG_ANALYZER_NUMBER_OBJECT_CONVERSION = YES_AGGRESSIVE;
				CLANG_CXX_LANGUAGE_STANDARD = "gnu++17";
				CLANG_CXX_LIBRARY = "libc++";
				CLANG_ENABLE_MODULES = YES;
				CLANG_ENABLE_OBJC_ARC = YES;
				CLANG_ENABLE_OBJC_WEAK = YES;
				CLANG_WARN_BLOCK_CAPTURE_AUTORELEASING = YES;
				CLANG_WARN_BOOL_CONVERSION = YES;
				CLANG_WARN_COMMA = YES;
				CLANG_WARN_CONSTANT_CONVERSION = YES;
				CLANG_WARN_DEPRECATED_OBJC_IMPLEMENTATIONS = YES;
				CLANG_WARN_DIRECT_OBJC_ISA_USAGE = YES_ERROR;
				CLANG_WARN_DOCUMENTATION_COMMENTS = YES;
				CLANG_WARN_EMPTY_BODY = YES;
				CLANG_WARN_ENUM_CONVERSION = YES;
				CLANG_WARN_INFINITE_RECURSION = YES;
				CLANG_WARN_INT_CONVERSION = YES;
				CLANG_WARN_NON_LITERAL_NULL_CONVERSION = YES;
				CLANG_WARN_OBJC_IMPLICIT_RETAIN_SELF = YES;
				CLANG_WARN_OBJC_LITERAL_CONVERSION = YES;
				CLANG_WARN_OBJC_ROOT_CLASS = YES_ERROR;
				CLANG_WARN_QUOTED_INCLUDE_IN_FRAMEWORK_HEADER = YES;
				CLANG_WARN_RANGE_LOOP_ANALYSIS = YES;
				CLANG_WARN_STRICT_PROTOTYPES = YES;
				CLANG_WARN_SUSPICIOUS_MOVE = YES;
				CLANG_WARN_UNGUARDED_AVAILABILITY = YES_AGGRESSIVE;
				CLANG_WARN_UNREACHABLE_CODE = YES;
				CLANG_WARN__DUPLICATE_METHOD_MATCH = YES;
				COPY_PHASE_STRIP = NO;
				DEBUG_INFORMATION_FORMAT = "dwarf-with-dsym";
				ENABLE_NS_ASSERTIONS = NO;
				ENABLE_STRICT_OBJC_MSGSEND = YES;
				GCC_C_LANGUAGE_STANDARD = gnu11;
				GCC_NO_COMMON_BLOCKS = YES;
				GCC_WARN_64_TO_32_BIT_CONVERSION = YES;
				GCC_WARN_ABOUT_RETURN_TYPE = YES_ERROR;
				GCC_WARN_UNDECLARED_SELECTOR = YES;
				GCC_WARN_UNINITIALIZED_AUTOS = YES_AGGRESSIVE;
				GCC_WARN_UNUSED_FUNCTION = YES;
				GCC_WARN_UNUSED_VARIABLE = YES;
				IPHONEOS_DEPLOYMENT_TARGET = 15.0;
				MTL_ENABLE_DEBUG_INFO = NO;
				MTL_FAST_MATH = YES;
				SDKROOT = iphoneos;
				SWIFT_COMPILATION_MODE = wholemodule;
				SWIFT_OPTIMIZATION_LEVEL = "-O";
				VALIDATE_PRODUCT = YES;
			};
			name = Release;
		};
		E6D5DBD428AC6CE500385741 /* Debug */ = {
			isa = XCBuildConfiguration;
			baseConfigurationReference = 3E19F4786A461A7BC26FCEE8 /* Pods-LoginWithFirebase.debug.xcconfig */;
			buildSettings = {
				ASSETCATALOG_COMPILER_APPICON_NAME = AppIcon;
				ASSETCATALOG_COMPILER_GLOBAL_ACCENT_COLOR_NAME = AccentColor;
				CODE_SIGN_STYLE = Automatic;
				CURRENT_PROJECT_VERSION = 1;
				DEVELOPMENT_TEAM = GT9QA54P2D;
				GENERATE_INFOPLIST_FILE = YES;
				INFOPLIST_FILE = LoginWithFirebase/Info.plist;
				INFOPLIST_KEY_UIApplicationSupportsIndirectInputEvents = YES;
				INFOPLIST_KEY_UILaunchStoryboardName = LaunchScreen;
				INFOPLIST_KEY_UIMainStoryboardFile = Main;
				INFOPLIST_KEY_UISupportedInterfaceOrientations_iPad = "UIInterfaceOrientationPortrait UIInterfaceOrientationPortraitUpsideDown UIInterfaceOrientationLandscapeLeft UIInterfaceOrientationLandscapeRight";
				INFOPLIST_KEY_UISupportedInterfaceOrientations_iPhone = "UIInterfaceOrientationPortrait UIInterfaceOrientationLandscapeLeft UIInterfaceOrientationLandscapeRight";
				LD_RUNPATH_SEARCH_PATHS = (
					"$(inherited)",
					"@executable_path/Frameworks",
				);
				MARKETING_VERSION = 1.0;
				PRODUCT_BUNDLE_IDENTIFIER = backfrontacademy.LoginWithFirebase;
				PRODUCT_NAME = "$(TARGET_NAME)";
				SWIFT_EMIT_LOC_STRINGS = YES;
				SWIFT_VERSION = 5.0;
				TARGETED_DEVICE_FAMILY = "1,2";
			};
			name = Debug;
		};
		E6D5DBD528AC6CE500385741 /* Release */ = {
			isa = XCBuildConfiguration;
			baseConfigurationReference = AB4C92F224D37E90CC64335D /* Pods-LoginWithFirebase.release.xcconfig */;
			buildSettings = {
				ASSETCATALOG_COMPILER_APPICON_NAME = AppIcon;
				ASSETCATALOG_COMPILER_GLOBAL_ACCENT_COLOR_NAME = AccentColor;
				CODE_SIGN_STYLE = Automatic;
				CURRENT_PROJECT_VERSION = 1;
				DEVELOPMENT_TEAM = GT9QA54P2D;
				GENERATE_INFOPLIST_FILE = YES;
				INFOPLIST_FILE = LoginWithFirebase/Info.plist;
				INFOPLIST_KEY_UIApplicationSupportsIndirectInputEvents = YES;
				INFOPLIST_KEY_UILaunchStoryboardName = LaunchScreen;
				INFOPLIST_KEY_UIMainStoryboardFile = Main;
				INFOPLIST_KEY_UISupportedInterfaceOrientations_iPad = "UIInterfaceOrientationPortrait UIInterfaceOrientationPortraitUpsideDown UIInterfaceOrientationLandscapeLeft UIInterfaceOrientationLandscapeRight";
				INFOPLIST_KEY_UISupportedInterfaceOrientations_iPhone = "UIInterfaceOrientationPortrait UIInterfaceOrientationLandscapeLeft UIInterfaceOrientationLandscapeRight";
				LD_RUNPATH_SEARCH_PATHS = (
					"$(inherited)",
					"@executable_path/Frameworks",
				);
				MARKETING_VERSION = 1.0;
				PRODUCT_BUNDLE_IDENTIFIER = backfrontacademy.LoginWithFirebase;
				PRODUCT_NAME = "$(TARGET_NAME)";
				SWIFT_EMIT_LOC_STRINGS = YES;
				SWIFT_VERSION = 5.0;
				TARGETED_DEVICE_FAMILY = "1,2";
			};
			name = Release;
		};
/* End XCBuildConfiguration section */

/* Begin XCConfigurationList section */
		E6D5DBBA28AC6CE200385741 /* Build configuration list for PBXProject "LoginWithFirebase" */ = {
			isa = XCConfigurationList;
			buildConfigurations = (
				E6D5DBD128AC6CE500385741 /* Debug */,
				E6D5DBD228AC6CE500385741 /* Release */,
			);
			defaultConfigurationIsVisible = 0;
			defaultConfigurationName = Release;
		};
		E6D5DBD328AC6CE500385741 /* Build configuration list for PBXNativeTarget "LoginWithFirebase" */ = {
			isa = XCConfigurationList;
			buildConfigurations = (
				E6D5DBD428AC6CE500385741 /* Debug */,
				E6D5DBD528AC6CE500385741 /* Release */,
			);
			defaultConfigurationIsVisible = 0;
			defaultConfigurationName = Release;
		};
/* End XCConfigurationList section */
	};
	rootObject = E6D5DBB728AC6CE200385741 /* Project object */;
}
